
Microsoft Visual Studio Solution File, Format Version 12.00
# Visual Studio 15
VisualStudioVersion = 15.0.27130.2027
MinimumVisualStudioVersion = 10.0.40219.1
Project("{2150E333-8FDC-42A3-9474-1A3956D46DE8}") = "Web", "Web", "{A3E36DC5-8D28-437A-9A2C-1F7113B5BF03}"
EndProject
Project("{2150E333-8FDC-42A3-9474-1A3956D46DE8}") = "Data", "Data", "{074B25FD-9ED3-4EB4-99D3-8B60278D67AC}"
EndProject
Project("{9A19103F-16F7-4668-BE54-9A1E7A4F7556}") = "WMIP.Data", "Data\WMIP.Data\WMIP.Data.csproj", "{88694747-8B3E-4D1F-B843-55D8E61CF5A6}"
EndProject
Project("{9A19103F-16F7-4668-BE54-9A1E7A4F7556}") = "WMIP.Data.Models", "Data\WMIP.Data.Models\WMIP.Data.Models.csproj", "{DBD58175-AE74-4220-81C0-1680337A2C8E}"
EndProject
Project("{9A19103F-16F7-4668-BE54-9A1E7A4F7556}") = "WMIP.Web", "Web\WMIP.Web\WMIP.Web.csproj", "{9D51A50D-835B-48B0-8396-00015E4A3F32}"
EndProject
Project("{2150E333-8FDC-42A3-9474-1A3956D46DE8}") = "Common", "Common", "{CDE6795A-A951-4285-98E4-D4E4CEF1C70E}"
EndProject
Project("{9A19103F-16F7-4668-BE54-9A1E7A4F7556}") = "WMIP.Constants", "Common\WMIP.Constants\WMIP.Constants.csproj", "{A5EFE229-BE3A-4B81-8FBD-8AA6A228A828}"
EndProject
Project("{9A19103F-16F7-4668-BE54-9A1E7A4F7556}") = "WMIP.Automapper", "Common\WMIP.Automapper\WMIP.Automapper.csproj", "{248BD2D0-0636-43B1-AB55-53069EAFF2CB}"
EndProject
Project("{2150E333-8FDC-42A3-9474-1A3956D46DE8}") = "Services", "Services", "{57BB0BD5-3FC2-42A0-B13E-123A46F56128}"
EndProject
Project("{9A19103F-16F7-4668-BE54-9A1E7A4F7556}") = "WMIP.Services", "Services\WMIP.Services\WMIP.Services.csproj", "{97A7D895-BA93-499E-85B0-B08274181EA0}"
EndProject
Project("{FAE04EC0-301F-11D3-BF4B-00C04F79EFBC}") = "WMIP.Extensions", "Common\WMIP.Extensions\WMIP.Extensions.csproj", "{6BBD856E-B337-4F91-A573-0C799DDC25C1}"
EndProject
Global
	GlobalSection(SolutionConfigurationPlatforms) = preSolution
		Debug|Any CPU = Debug|Any CPU
		Release|Any CPU = Release|Any CPU
	EndGlobalSection
	GlobalSection(ProjectConfigurationPlatforms) = postSolution
		{88694747-8B3E-4D1F-B843-55D8E61CF5A6}.Debug|Any CPU.ActiveCfg = Debug|Any CPU
		{88694747-8B3E-4D1F-B843-55D8E61CF5A6}.Debug|Any CPU.Build.0 = Debug|Any CPU
		{88694747-8B3E-4D1F-B843-55D8E61CF5A6}.Release|Any CPU.ActiveCfg = Release|Any CPU
		{88694747-8B3E-4D1F-B843-55D8E61CF5A6}.Release|Any CPU.Build.0 = Release|Any CPU
		{DBD58175-AE74-4220-81C0-1680337A2C8E}.Debug|Any CPU.ActiveCfg = Debug|Any CPU
		{DBD58175-AE74-4220-81C0-1680337A2C8E}.Debug|Any CPU.Build.0 = Debug|Any CPU
		{DBD58175-AE74-4220-81C0-1680337A2C8E}.Release|Any CPU.ActiveCfg = Release|Any CPU
		{DBD58175-AE74-4220-81C0-1680337A2C8E}.Release|Any CPU.Build.0 = Release|Any CPU
		{9D51A50D-835B-48B0-8396-00015E4A3F32}.Debug|Any CPU.ActiveCfg = Debug|Any CPU
		{9D51A50D-835B-48B0-8396-00015E4A3F32}.Debug|Any CPU.Build.0 = Debug|Any CPU
		{9D51A50D-835B-48B0-8396-00015E4A3F32}.Release|Any CPU.ActiveCfg = Release|Any CPU
		{9D51A50D-835B-48B0-8396-00015E4A3F32}.Release|Any CPU.Build.0 = Release|Any CPU
		{A5EFE229-BE3A-4B81-8FBD-8AA6A228A828}.Debug|Any CPU.ActiveCfg = Debug|Any CPU
		{A5EFE229-BE3A-4B81-8FBD-8AA6A228A828}.Debug|Any CPU.Build.0 = Debug|Any CPU
		{A5EFE229-BE3A-4B81-8FBD-8AA6A228A828}.Release|Any CPU.ActiveCfg = Release|Any CPU
		{A5EFE229-BE3A-4B81-8FBD-8AA6A228A828}.Release|Any CPU.Build.0 = Release|Any CPU
		{248BD2D0-0636-43B1-AB55-53069EAFF2CB}.Debug|Any CPU.ActiveCfg = Debug|Any CPU
		{248BD2D0-0636-43B1-AB55-53069EAFF2CB}.Debug|Any CPU.Build.0 = Debug|Any CPU
		{248BD2D0-0636-43B1-AB55-53069EAFF2CB}.Release|Any CPU.ActiveCfg = Release|Any CPU
		{248BD2D0-0636-43B1-AB55-53069EAFF2CB}.Release|Any CPU.Build.0 = Release|Any CPU
		{97A7D895-BA93-499E-85B0-B08274181EA0}.Debug|Any CPU.ActiveCfg = Debug|Any CPU
		{97A7D895-BA93-499E-85B0-B08274181EA0}.Debug|Any CPU.Build.0 = Debug|Any CPU
		{97A7D895-BA93-499E-85B0-B08274181EA0}.Release|Any CPU.ActiveCfg = Release|Any CPU
		{97A7D895-BA93-499E-85B0-B08274181EA0}.Release|Any CPU.Build.0 = Release|Any CPU
		{6BBD856E-B337-4F91-A573-0C799DDC25C1}.Debug|Any CPU.ActiveCfg = Debug|Any CPU
		{6BBD856E-B337-4F91-A573-0C799DDC25C1}.Debug|Any CPU.Build.0 = Debug|Any CPU
		{6BBD856E-B337-4F91-A573-0C799DDC25C1}.Release|Any CPU.ActiveCfg = Release|Any CPU
		{6BBD856E-B337-4F91-A573-0C799DDC25C1}.Release|Any CPU.Build.0 = Release|Any CPU
	EndGlobalSection
	GlobalSection(SolutionProperties) = preSolution
		HideSolutionNode = FALSE
	EndGlobalSection
	GlobalSection(NestedProjects) = preSolution
		{88694747-8B3E-4D1F-B843-55D8E61CF5A6} = {074B25FD-9ED3-4EB4-99D3-8B60278D67AC}
		{DBD58175-AE74-4220-81C0-1680337A2C8E} = {074B25FD-9ED3-4EB4-99D3-8B60278D67AC}
		{9D51A50D-835B-48B0-8396-00015E4A3F32} = {A3E36DC5-8D28-437A-9A2C-1F7113B5BF03}
		{A5EFE229-BE3A-4B81-8FBD-8AA6A228A828} = {CDE6795A-A951-4285-98E4-D4E4CEF1C70E}
		{248BD2D0-0636-43B1-AB55-53069EAFF2CB} = {CDE6795A-A951-4285-98E4-D4E4CEF1C70E}
		{97A7D895-BA93-499E-85B0-B08274181EA0} = {57BB0BD5-3FC2-42A0-B13E-123A46F56128}
		{6BBD856E-B337-4F91-A573-0C799DDC25C1} = {CDE6795A-A951-4285-98E4-D4E4CEF1C70E}
	EndGlobalSection
	GlobalSection(ExtensibilityGlobals) = postSolution
		SolutionGuid = {1BD25BA0-4F09-4197-95B1-DF6CB1786AD4}
	EndGlobalSection
EndGlobal
